
Microsoft Visual Studio Solution File, Format Version 12.00
# Visual Studio Version 17
VisualStudioVersion = 17.0.31919.166
MinimumVisualStudioVersion = 10.0.40219.1
Project("{FAE04EC0-301F-11D3-BF4B-00C04F79EFBC}") = "hastane", "hastane\hastane.csproj", "{474F8FC0-DBE6-408E-BF7C-29B67502255D}"
EndProject
Global
	GlobalSection(SolutionConfigurationPlatforms) = preSolution
		Debug|Any CPU = Debug|Any CPU
		Release|Any CPU = Release|Any CPU
	EndGlobalSection
	GlobalSection(ProjectConfigurationPlatforms) = postSolution
		{474F8FC0-DBE6-408E-BF7C-29B67502255D}.Debug|Any CPU.ActiveCfg = Debug|Any CPU
		{474F8FC0-DBE6-408E-BF7C-29B67502255D}.Debug|Any CPU.Build.0 = Debug|Any CPU
		{474F8FC0-DBE6-408E-BF7C-29B67502255D}.Release|Any CPU.ActiveCfg = Release|Any CPU
		{474F8FC0-DBE6-408E-BF7C-29B67502255D}.Release|Any CPU.Build.0 = Release|Any CPU
	EndGlobalSection
	GlobalSection(SolutionProperties) = preSolution
		HideSolutionNode = FALSE
	EndGlobalSection
	GlobalSection(ExtensibilityGlobals) = postSolution
		SolutionGuid = {148D1643-8A89-434C-B69E-DA6640FBDD39}
	EndGlobalSection
EndGlobal
